
Microsoft Visual Studio Solution File, Format Version 12.00
# Visual Studio 15
VisualStudioVersion = 15.0.28010.2046
MinimumVisualStudioVersion = 10.0.40219.1
Project("{FAE04EC0-301F-11D3-BF4B-00C04F79EFBC}") = "Asteroids", "WindowsFormsApp1\Asteroids.csproj", "{CA2C1BA3-CA7D-404C-B9D4-5BEFCB2A6250}"
EndProject
Global
	GlobalSection(SolutionConfigurationPlatforms) = preSolution
		Debug|Any CPU = Debug|Any CPU
		Release|Any CPU = Release|Any CPU
	EndGlobalSection
	GlobalSection(ProjectConfigurationPlatforms) = postSolution
		{CA2C1BA3-CA7D-404C-B9D4-5BEFCB2A6250}.Debug|Any CPU.ActiveCfg = Debug|Any CPU
		{CA2C1BA3-CA7D-404C-B9D4-5BEFCB2A6250}.Debug|Any CPU.Build.0 = Debug|Any CPU
		{CA2C1BA3-CA7D-404C-B9D4-5BEFCB2A6250}.Release|Any CPU.ActiveCfg = Release|Any CPU
		{CA2C1BA3-CA7D-404C-B9D4-5BEFCB2A6250}.Release|Any CPU.Build.0 = Release|Any CPU
	EndGlobalSection
	GlobalSection(SolutionProperties) = preSolution
		HideSolutionNode = FALSE
	EndGlobalSection
	GlobalSection(ExtensibilityGlobals) = postSolution
		SolutionGuid = {0C8C070C-DCD8-47B7-959D-D28F5DB2F235}
	EndGlobalSection
EndGlobal
