
Microsoft Visual Studio Solution File, Format Version 12.00
# Visual Studio 15
VisualStudioVersion = 15.0.28010.2048
MinimumVisualStudioVersion = 10.0.40219.1
Project("{FAE04EC0-301F-11D3-BF4B-00C04F79EFBC}") = "WpfApp1", "WpfApp1\WpfApp1.csproj", "{8EA9A78D-E126-4B02-9D38-AAC8DFA3C8DD}"
EndProject
Global
	GlobalSection(SolutionConfigurationPlatforms) = preSolution
		Debug|Any CPU = Debug|Any CPU
		Release|Any CPU = Release|Any CPU
	EndGlobalSection
	GlobalSection(ProjectConfigurationPlatforms) = postSolution
		{8EA9A78D-E126-4B02-9D38-AAC8DFA3C8DD}.Debug|Any CPU.ActiveCfg = Debug|Any CPU
		{8EA9A78D-E126-4B02-9D38-AAC8DFA3C8DD}.Debug|Any CPU.Build.0 = Debug|Any CPU
		{8EA9A78D-E126-4B02-9D38-AAC8DFA3C8DD}.Release|Any CPU.ActiveCfg = Release|Any CPU
		{8EA9A78D-E126-4B02-9D38-AAC8DFA3C8DD}.Release|Any CPU.Build.0 = Release|Any CPU
	EndGlobalSection
	GlobalSection(SolutionProperties) = preSolution
		HideSolutionNode = FALSE
	EndGlobalSection
	GlobalSection(ExtensibilityGlobals) = postSolution
		SolutionGuid = {A066D380-E614-4E07-BA73-3F94FBB613FB}
	EndGlobalSection
EndGlobal
